
Microsoft Visual Studio Solution File, Format Version 12.00
# Visual Studio Version 16
VisualStudioVersion = 16.0.29609.76
MinimumVisualStudioVersion = 10.0.40219.1
Project("{9A19103F-16F7-4668-BE54-9A1E7A4F7556}") = "Api", "Api\Api.csproj", "{2242B704-8EEA-4847-BC31-863AAD72270B}"
EndProject
Project("{9A19103F-16F7-4668-BE54-9A1E7A4F7556}") = "UI", "UI\UI.csproj", "{F921B2F1-017F-497D-9940-242BBBD30464}"
EndProject
Global
	GlobalSection(SolutionConfigurationPlatforms) = preSolution
		Debug|Any CPU = Debug|Any CPU
		Release|Any CPU = Release|Any CPU
	EndGlobalSection
	GlobalSection(ProjectConfigurationPlatforms) = postSolution
		{2242B704-8EEA-4847-BC31-863AAD72270B}.Debug|Any CPU.ActiveCfg = Debug|Any CPU
		{2242B704-8EEA-4847-BC31-863AAD72270B}.Debug|Any CPU.Build.0 = Debug|Any CPU
		{2242B704-8EEA-4847-BC31-863AAD72270B}.Release|Any CPU.ActiveCfg = Release|Any CPU
		{2242B704-8EEA-4847-BC31-863AAD72270B}.Release|Any CPU.Build.0 = Release|Any CPU
		{F921B2F1-017F-497D-9940-242BBBD30464}.Debug|Any CPU.ActiveCfg = Debug|Any CPU
		{F921B2F1-017F-497D-9940-242BBBD30464}.Debug|Any CPU.Build.0 = Debug|Any CPU
		{F921B2F1-017F-497D-9940-242BBBD30464}.Release|Any CPU.ActiveCfg = Release|Any CPU
		{F921B2F1-017F-497D-9940-242BBBD30464}.Release|Any CPU.Build.0 = Release|Any CPU
	EndGlobalSection
	GlobalSection(SolutionProperties) = preSolution
		HideSolutionNode = FALSE
	EndGlobalSection
	GlobalSection(ExtensibilityGlobals) = postSolution
		SolutionGuid = {C2EE71B0-723B-4777-BA33-6C4AA0B8EEB7}
	EndGlobalSection
EndGlobal
